
Microsoft Visual Studio Solution File, Format Version 11.00
# Visual Studio 2010
Project("{FAE04EC0-301F-11D3-BF4B-00C04F79EFBC}") = "Assembly-CSharp", "Assembly-CSharp.csproj", "{11C9555E-0067-40EE-32F8-773634DA4373}"
EndProject
Project("{FAE04EC0-301F-11D3-BF4B-00C04F79EFBC}") = "Oculus.VR", "Oculus.VR.csproj", "{A4567F48-A1F6-138F-63B3-86C30EF37AA8}"
EndProject
Project("{FAE04EC0-301F-11D3-BF4B-00C04F79EFBC}") = "Assembly-CSharp-Editor", "Assembly-CSharp-Editor.csproj", "{DD2061BC-CD5A-F9C8-EA48-56EF49429834}"
EndProject
Project("{FAE04EC0-301F-11D3-BF4B-00C04F79EFBC}") = "Oculus.VR.Scripts.Editor", "Oculus.VR.Scripts.Editor.csproj", "{339C0930-8ACE-C942-C489-739B46A49182}"
EndProject
Project("{FAE04EC0-301F-11D3-BF4B-00C04F79EFBC}") = "Oculus.VR.Editor", "Oculus.VR.Editor.csproj", "{2C7F3E59-36A2-B041-6BFE-3E0E63AA141B}"
EndProject
Global
	GlobalSection(SolutionConfigurationPlatforms) = preSolution
		Debug|Any CPU = Debug|Any CPU
		Release|Any CPU = Release|Any CPU
	EndGlobalSection
	GlobalSection(ProjectConfigurationPlatforms) = postSolution
		{11C9555E-0067-40EE-32F8-773634DA4373}.Debug|Any CPU.ActiveCfg = Debug|Any CPU
		{11C9555E-0067-40EE-32F8-773634DA4373}.Debug|Any CPU.Build.0 = Debug|Any CPU
		{11C9555E-0067-40EE-32F8-773634DA4373}.Release|Any CPU.ActiveCfg = Release|Any CPU
		{11C9555E-0067-40EE-32F8-773634DA4373}.Release|Any CPU.Build.0 = Release|Any CPU
		{A4567F48-A1F6-138F-63B3-86C30EF37AA8}.Debug|Any CPU.ActiveCfg = Debug|Any CPU
		{A4567F48-A1F6-138F-63B3-86C30EF37AA8}.Debug|Any CPU.Build.0 = Debug|Any CPU
		{A4567F48-A1F6-138F-63B3-86C30EF37AA8}.Release|Any CPU.ActiveCfg = Release|Any CPU
		{A4567F48-A1F6-138F-63B3-86C30EF37AA8}.Release|Any CPU.Build.0 = Release|Any CPU
		{DD2061BC-CD5A-F9C8-EA48-56EF49429834}.Debug|Any CPU.ActiveCfg = Debug|Any CPU
		{DD2061BC-CD5A-F9C8-EA48-56EF49429834}.Debug|Any CPU.Build.0 = Debug|Any CPU
		{DD2061BC-CD5A-F9C8-EA48-56EF49429834}.Release|Any CPU.ActiveCfg = Release|Any CPU
		{DD2061BC-CD5A-F9C8-EA48-56EF49429834}.Release|Any CPU.Build.0 = Release|Any CPU
		{339C0930-8ACE-C942-C489-739B46A49182}.Debug|Any CPU.ActiveCfg = Debug|Any CPU
		{339C0930-8ACE-C942-C489-739B46A49182}.Debug|Any CPU.Build.0 = Debug|Any CPU
		{339C0930-8ACE-C942-C489-739B46A49182}.Release|Any CPU.ActiveCfg = Release|Any CPU
		{339C0930-8ACE-C942-C489-739B46A49182}.Release|Any CPU.Build.0 = Release|Any CPU
		{2C7F3E59-36A2-B041-6BFE-3E0E63AA141B}.Debug|Any CPU.ActiveCfg = Debug|Any CPU
		{2C7F3E59-36A2-B041-6BFE-3E0E63AA141B}.Debug|Any CPU.Build.0 = Debug|Any CPU
		{2C7F3E59-36A2-B041-6BFE-3E0E63AA141B}.Release|Any CPU.ActiveCfg = Release|Any CPU
		{2C7F3E59-36A2-B041-6BFE-3E0E63AA141B}.Release|Any CPU.Build.0 = Release|Any CPU
	EndGlobalSection
	GlobalSection(SolutionProperties) = preSolution
		HideSolutionNode = FALSE
	EndGlobalSection
	GlobalSection(MonoDevelopProperties) = preSolution
		StartupItem = Assembly-CSharp.csproj
	EndGlobalSection
EndGlobal
